PODS:
  - BLPopHandlerController (0.1.0)

DEPENDENCIES:
  - BLPopHandlerController (from `../`)

EXTERNAL SOURCES:
  BLPopHandlerController:
    :path: ../

SPEC CHECKSUMS:
  BLPopHandlerController: f3da9f03804620d4cf408fc626ebe25b1717d68a

PODFILE CHECKSUM: e9732072cf369bf8c477cebd939291a23259f5b6

COCOAPODS: 1.2.1
